// !$*UTF8*$!
{
	archiveVersion = 1;
	classes = {
	};
	objectVersion = 46;
	objects = {

/* Begin PBXBuildFile section */
		13B07FBC1A68108700A75B9A /* AppDelegate.m in Sources */ = {isa = PBXBuildFile; fileRef = 13B07FB01A68108700A75B9A /* AppDelegate.m */; };
		13B07FBD1A68108700A75B9A /* LaunchScreen.xib in Resources */ = {isa = PBXBuildFile; fileRef = 13B07FB11A68108700A75B9A /* LaunchScreen.xib */; };
		13B07FBF1A68108700A75B9A /* Images.xcassets in Resources */ = {isa = PBXBuildFile; fileRef = 13B07FB51A68108700A75B9A /* Images.xcassets */; };
		13B07FC11A68108700A75B9A /* main.m in Sources */ = {isa = PBXBuildFile; fileRef = 13B07FB71A68108700A75B9A /* main.m */; };
		3E461D99554A48A4959DE609 /* SplashScreen.storyboard in Resources */ = {isa = PBXBuildFile; fileRef = AA286B85B6C04FC6940260E9 /* SplashScreen.storyboard */; };
		96905EF65AED1B983A6B3ABC /* libPods-usuarios.a in Frameworks */ = {isa = PBXBuildFile; fileRef = 58EEBF8E8E6FB1BC6CAF49B5 /* libPods-usuarios.a */; };
		BB2F792D24A3F905000567C9 /* Expo.plist in Resources */ = {isa = PBXBuildFile; fileRef = BB2F792C24A3F905000567C9 /* Expo.plist */; };
		BB53DB70264F344F00E0CDBC /* noop-file.swift in Sources */ = {isa = PBXBuildFile; fileRef = BB53DB6F264F344F00E0CDBC /* noop-file.swift */; };
		9D5DEA1B6D82491B82BE5E32 /* Timeburner-xJB8.ttf in Resources */ = {isa = PBXBuildFile; fileRef = 49E808AD1EA142D58421DF77 /* Timeburner-xJB8.ttf */; };
		D0A4360B7B864ADDAEBAB856 /* TimeburnerBold-peGR.ttf in Resources */ = {isa = PBXBuildFile; fileRef = 79AD5977F2584FCA97D5E6F1 /* TimeburnerBold-peGR.ttf */; };
		8A0DBBD4F2AB456A95A5A1EE /* ArialNova-Bold.ttf in Resources */ = {isa = PBXBuildFile; fileRef = 3F29DBC0715445CBB44FF178 /* ArialNova-Bold.ttf */; };
		A3CC06BB7F614D34A6C2DE35 /* ArialNova-BoldItalic.ttf in Resources */ = {isa = PBXBuildFile; fileRef = C89604F0CDFB43F6A044CC19 /* ArialNova-BoldItalic.ttf */; };
		04437F2D03604EEFBE1C5B98 /* ArialNova-Italic.ttf in Resources */ = {isa = PBXBuildFile; fileRef = 0BA8080813DA4C10B26576C4 /* ArialNova-Italic.ttf */; };
		917E2BEA801948B4A717CD0E /* ArialNova-Light.ttf in Resources */ = {isa = PBXBuildFile; fileRef = 45A848FB606F44889ACB566F /* ArialNova-Light.ttf */; };
		AF189D2F2C944DB79C9BFC7D /* ArialNova-LightItalic.ttf in Resources */ = {isa = PBXBuildFile; fileRef = 91E2FCA607FC4E8AAF738600 /* ArialNova-LightItalic.ttf */; };
		21019FD1F57E4FB79F12F3B8 /* ArialNova.ttf in Resources */ = {isa = PBXBuildFile; fileRef = 0300B895614142C4AC706CFB /* ArialNova.ttf */; };
		AB51A7C1F19B4DE6836F9D14 /* ArialNovaCond-Bold.ttf in Resources */ = {isa = PBXBuildFile; fileRef = 7BA54C17CE654798B12AB924 /* ArialNovaCond-Bold.ttf */; };
		3B497E23E333405283F75CBE /* ArialNovaCond-BoldItalic.ttf in Resources */ = {isa = PBXBuildFile; fileRef = 636350B55B144BD58E936E36 /* ArialNovaCond-BoldItalic.ttf */; };
		45B9E4B87C4E4B9B807DB0D6 /* ArialNovaCond-Italic.ttf in Resources */ = {isa = PBXBuildFile; fileRef = 4EC5370FFB0E463688E92C31 /* ArialNovaCond-Italic.ttf */; };
		BB3C8F1761E6471AA7A4FCEB /* ArialNovaCond-Light.ttf in Resources */ = {isa = PBXBuildFile; fileRef = 6C80396A9E174021A7AF4F37 /* ArialNovaCond-Light.ttf */; };
		40D0CBB6C6ED48689750EFD9 /* ArialNovaCond-LightItalic.ttf in Resources */ = {isa = PBXBuildFile; fileRef = 359D6CC7456347FC95E5FD34 /* ArialNovaCond-LightItalic.ttf */; };
		DE595EA385874F209296F011 /* ArialNovaCond.ttf in Resources */ = {isa = PBXBuildFile; fileRef = 5230C73CF7E0422186ECBE02 /* ArialNovaCond.ttf */; };
		47F07B1E3939419996E7A23E /* Arimo-Bold.ttf in Resources */ = {isa = PBXBuildFile; fileRef = C94FDCF0BF1F4B849833BC8A /* Arimo-Bold.ttf */; };
		483CC978D6684E6C8DB94ACE /* Arimo-BoldItalic.ttf in Resources */ = {isa = PBXBuildFile; fileRef = D03D02E8F05C43C0991AFC74 /* Arimo-BoldItalic.ttf */; };
		5E56AF495FE14713A2E80A8B /* Arimo-Italic-VariableFont_wght.ttf in Resources */ = {isa = PBXBuildFile; fileRef = DEAE9A9DA09A4B1AA8EF9932 /* Arimo-Italic-VariableFont_wght.ttf */; };
		23B171CF7D67431EBDB382E7 /* Arimo-Italic.ttf in Resources */ = {isa = PBXBuildFile; fileRef = F076C29FF69E469698983345 /* Arimo-Italic.ttf */; };
		D911E4E4EAB44DFCB32D1E28 /* Arimo-Medium.ttf in Resources */ = {isa = PBXBuildFile; fileRef = 4212E149E2674423BA43744A /* Arimo-Medium.ttf */; };
		890462423FD74D4CBCAA329D /* Arimo-MediumItalic.ttf in Resources */ = {isa = PBXBuildFile; fileRef = 0EC417EC324E4CCAA5852AF2 /* Arimo-MediumItalic.ttf */; };
		2533F93611D843BC8ACD2B05 /* Arimo-Regular.ttf in Resources */ = {isa = PBXBuildFile; fileRef = 3BB98916AB94409F967000B8 /* Arimo-Regular.ttf */; };
		1BBFA50C4A10451D8E8D9247 /* Arimo-SemiBold.ttf in Resources */ = {isa = PBXBuildFile; fileRef = 301A7AA6150D49F3AD98F48A /* Arimo-SemiBold.ttf */; };
		245729441A8448508F3B1EFF /* Arimo-SemiBoldItalic.ttf in Resources */ = {isa = PBXBuildFile; fileRef = 152DEA5358C44BD89E74C19C /* Arimo-SemiBoldItalic.ttf */; };
		E1BD9E2070F94642A3276D60 /* Arimo-VariableFont_wght.ttf in Resources */ = {isa = PBXBuildFile; fileRef = 808106BC8502453D91167274 /* Arimo-VariableFont_wght.ttf */; };
/* End PBXBuildFile section */

/* Begin PBXFileReference section */
		008F07F21AC5B25A0029DE68 /* main.jsbundle */ = {isa = PBXFileReference; fileEncoding = 4; lastKnownFileType = text; path = main.jsbundle; sourceTree = "<group>"; };
		13B07F961A680F5B00A75B9A /* usuarios.app */ = {isa = PBXFileReference; explicitFileType = wrapper.application; includeInIndex = 0; path = usuarios.app; sourceTree = BUILT_PRODUCTS_DIR; };
		13B07FAF1A68108700A75B9A /* AppDelegate.h */ = {isa = PBXFileReference; fileEncoding = 4; lastKnownFileType = sourcecode.c.h; name = AppDelegate.h; path = usuarios/AppDelegate.h; sourceTree = "<group>"; };
		13B07FB01A68108700A75B9A /* AppDelegate.m */ = {isa = PBXFileReference; fileEncoding = 4; lastKnownFileType = sourcecode.c.objc; name = AppDelegate.m; path = usuarios/AppDelegate.m; sourceTree = "<group>"; };
		13B07FB21A68108700A75B9A /* Base */ = {isa = PBXFileReference; lastKnownFileType = file.xib; name = Base; path = Base.lproj/LaunchScreen.xib; sourceTree = "<group>"; };
		13B07FB51A68108700A75B9A /* Images.xcassets */ = {isa = PBXFileReference; lastKnownFileType = folder.assetcatalog; name = Images.xcassets; path = usuarios/Images.xcassets; sourceTree = "<group>"; };
		13B07FB61A68108700A75B9A /* Info.plist */ = {isa = PBXFileReference; fileEncoding = 4; lastKnownFileType = text.plist.xml; name = Info.plist; path = usuarios/Info.plist; sourceTree = "<group>"; };
		13B07FB71A68108700A75B9A /* main.m */ = {isa = PBXFileReference; fileEncoding = 4; lastKnownFileType = sourcecode.c.objc; name = main.m; path = usuarios/main.m; sourceTree = "<group>"; };
		58EEBF8E8E6FB1BC6CAF49B5 /* libPods-usuarios.a */ = {isa = PBXFileReference; explicitFileType = archive.ar; includeInIndex = 0; path = "libPods-usuarios.a"; sourceTree = BUILT_PRODUCTS_DIR; };
		6C2E3173556A471DD304B334 /* Pods-usuarios.debug.xcconfig */ = {isa = PBXFileReference; includeInIndex = 1; lastKnownFileType = text.xcconfig; name = "Pods-usuarios.debug.xcconfig"; path = "Target Support Files/Pods-usuarios/Pods-usuarios.debug.xcconfig"; sourceTree = "<group>"; };
		7A4D352CD337FB3A3BF06240 /* Pods-usuarios.release.xcconfig */ = {isa = PBXFileReference; includeInIndex = 1; lastKnownFileType = text.xcconfig; name = "Pods-usuarios.release.xcconfig"; path = "Target Support Files/Pods-usuarios/Pods-usuarios.release.xcconfig"; sourceTree = "<group>"; };
		AA286B85B6C04FC6940260E9 /* SplashScreen.storyboard */ = {isa = PBXFileReference; fileEncoding = 4; lastKnownFileType = file.storyboard; name = SplashScreen.storyboard; path = usuarios/SplashScreen.storyboard; sourceTree = "<group>"; };
		BB2F792C24A3F905000567C9 /* Expo.plist */ = {isa = PBXFileReference; fileEncoding = 4; lastKnownFileType = text.plist.xml; path = Expo.plist; sourceTree = "<group>"; };
		BB53DB6F264F344F00E0CDBC /* noop-file.swift */ = {isa = PBXFileReference; lastKnownFileType = sourcecode.swift; path = "noop-file.swift"; sourceTree = "<group>"; };
		ED297162215061F000B7C4FE /* JavaScriptCore.framework */ = {isa = PBXFileReference; lastKnownFileType = wrapper.framework; name = JavaScriptCore.framework; path = System/Library/Frameworks/JavaScriptCore.framework; sourceTree = SDKROOT; };
		ED2971642150620600B7C4FE /* JavaScriptCore.framework */ = {isa = PBXFileReference; lastKnownFileType = wrapper.framework; name = JavaScriptCore.framework; path = Platforms/AppleTVOS.platform/Developer/SDKs/AppleTVOS12.0.sdk/System/Library/Frameworks/JavaScriptCore.framework; sourceTree = DEVELOPER_DIR; };
		49E808AD1EA142D58421DF77 /* Timeburner-xJB8.ttf */ = {isa = PBXFileReference; name = "Timeburner-xJB8.ttf"; path = "../SRC/Timeburner-xJB8.ttf"; sourceTree = "<group>"; fileEncoding = undefined; lastKnownFileType = unknown; explicitFileType = undefined; includeInIndex = 0; };
		79AD5977F2584FCA97D5E6F1 /* TimeburnerBold-peGR.ttf */ = {isa = PBXFileReference; name = "TimeburnerBold-peGR.ttf"; path = "../SRC/TimeburnerBold-peGR.ttf"; sourceTree = "<group>"; fileEncoding = undefined; lastKnownFileType = unknown; explicitFileType = undefined; includeInIndex = 0; };
		3F29DBC0715445CBB44FF178 /* ArialNova-Bold.ttf */ = {isa = PBXFileReference; name = "ArialNova-Bold.ttf"; path = "../SRC/ArialNova-Bold.ttf"; sourceTree = "<group>"; fileEncoding = undefined; lastKnownFileType = unknown; explicitFileType = undefined; includeInIndex = 0; };
		C89604F0CDFB43F6A044CC19 /* ArialNova-BoldItalic.ttf */ = {isa = PBXFileReference; name = "ArialNova-BoldItalic.ttf"; path = "../SRC/ArialNova-BoldItalic.ttf"; sourceTree = "<group>"; fileEncoding = undefined; lastKnownFileType = unknown; explicitFileType = undefined; includeInIndex = 0; };
		0BA8080813DA4C10B26576C4 /* ArialNova-Italic.ttf */ = {isa = PBXFileReference; name = "ArialNova-Italic.ttf"; path = "../SRC/ArialNova-Italic.ttf"; sourceTree = "<group>"; fileEncoding = undefined; lastKnownFileType = unknown; explicitFileType = undefined; includeInIndex = 0; };
		45A848FB606F44889ACB566F /* ArialNova-Light.ttf */ = {isa = PBXFileReference; name = "ArialNova-Light.ttf"; path = "../SRC/ArialNova-Light.ttf"; sourceTree = "<group>"; fileEncoding = undefined; lastKnownFileType = unknown; explicitFileType = undefined; includeInIndex = 0; };
		91E2FCA607FC4E8AAF738600 /* ArialNova-LightItalic.ttf */ = {isa = PBXFileReference; name = "ArialNova-LightItalic.ttf"; path = "../SRC/ArialNova-LightItalic.ttf"; sourceTree = "<group>"; fileEncoding = undefined; lastKnownFileType = unknown; explicitFileType = undefined; includeInIndex = 0; };
		0300B895614142C4AC706CFB /* ArialNova.ttf */ = {isa = PBXFileReference; name = "ArialNova.ttf"; path = "../SRC/ArialNova.ttf"; sourceTree = "<group>"; fileEncoding = undefined; lastKnownFileType = unknown; explicitFileType = undefined; includeInIndex = 0; };
		7BA54C17CE654798B12AB924 /* ArialNovaCond-Bold.ttf */ = {isa = PBXFileReference; name = "ArialNovaCond-Bold.ttf"; path = "../SRC/ArialNovaCond-Bold.ttf"; sourceTree = "<group>"; fileEncoding = undefined; lastKnownFileType = unknown; explicitFileType = undefined; includeInIndex = 0; };
		636350B55B144BD58E936E36 /* ArialNovaCond-BoldItalic.ttf */ = {isa = PBXFileReference; name = "ArialNovaCond-BoldItalic.ttf"; path = "../SRC/ArialNovaCond-BoldItalic.ttf"; sourceTree = "<group>"; fileEncoding = undefined; lastKnownFileType = unknown; explicitFileType = undefined; includeInIndex = 0; };
		4EC5370FFB0E463688E92C31 /* ArialNovaCond-Italic.ttf */ = {isa = PBXFileReference; name = "ArialNovaCond-Italic.ttf"; path = "../SRC/ArialNovaCond-Italic.ttf"; sourceTree = "<group>"; fileEncoding = undefined; lastKnownFileType = unknown; explicitFileType = undefined; includeInIndex = 0; };
		6C80396A9E174021A7AF4F37 /* ArialNovaCond-Light.ttf */ = {isa = PBXFileReference; name = "ArialNovaCond-Light.ttf"; path = "../SRC/ArialNovaCond-Light.ttf"; sourceTree = "<group>"; fileEncoding = undefined; lastKnownFileType = unknown; explicitFileType = undefined; includeInIndex = 0; };
		359D6CC7456347FC95E5FD34 /* ArialNovaCond-LightItalic.ttf */ = {isa = PBXFileReference; name = "ArialNovaCond-LightItalic.ttf"; path = "../SRC/ArialNovaCond-LightItalic.ttf"; sourceTree = "<group>"; fileEncoding = undefined; lastKnownFileType = unknown; explicitFileType = undefined; includeInIndex = 0; };
		5230C73CF7E0422186ECBE02 /* ArialNovaCond.ttf */ = {isa = PBXFileReference; name = "ArialNovaCond.ttf"; path = "../SRC/ArialNovaCond.ttf"; sourceTree = "<group>"; fileEncoding = undefined; lastKnownFileType = unknown; explicitFileType = undefined; includeInIndex = 0; };
		C94FDCF0BF1F4B849833BC8A /* Arimo-Bold.ttf */ = {isa = PBXFileReference; name = "Arimo-Bold.ttf"; path = "../SRC/Arimo-Bold.ttf"; sourceTree = "<group>"; fileEncoding = undefined; lastKnownFileType = unknown; explicitFileType = undefined; includeInIndex = 0; };
		D03D02E8F05C43C0991AFC74 /* Arimo-BoldItalic.ttf */ = {isa = PBXFileReference; name = "Arimo-BoldItalic.ttf"; path = "../SRC/Arimo-BoldItalic.ttf"; sourceTree = "<group>"; fileEncoding = undefined; lastKnownFileType = unknown; explicitFileType = undefined; includeInIndex = 0; };
		DEAE9A9DA09A4B1AA8EF9932 /* Arimo-Italic-VariableFont_wght.ttf */ = {isa = PBXFileReference; name = "Arimo-Italic-VariableFont_wght.ttf"; path = "../SRC/Arimo-Italic-VariableFont_wght.ttf"; sourceTree = "<group>"; fileEncoding = undefined; lastKnownFileType = unknown; explicitFileType = undefined; includeInIndex = 0; };
		F076C29FF69E469698983345 /* Arimo-Italic.ttf */ = {isa = PBXFileReference; name = "Arimo-Italic.ttf"; path = "../SRC/Arimo-Italic.ttf"; sourceTree = "<group>"; fileEncoding = undefined; lastKnownFileType = unknown; explicitFileType = undefined; includeInIndex = 0; };
		4212E149E2674423BA43744A /* Arimo-Medium.ttf */ = {isa = PBXFileReference; name = "Arimo-Medium.ttf"; path = "../SRC/Arimo-Medium.ttf"; sourceTree = "<group>"; fileEncoding = undefined; lastKnownFileType = unknown; explicitFileType = undefined; includeInIndex = 0; };
		0EC417EC324E4CCAA5852AF2 /* Arimo-MediumItalic.ttf */ = {isa = PBXFileReference; name = "Arimo-MediumItalic.ttf"; path = "../SRC/Arimo-MediumItalic.ttf"; sourceTree = "<group>"; fileEncoding = undefined; lastKnownFileType = unknown; explicitFileType = undefined; includeInIndex = 0; };
		3BB98916AB94409F967000B8 /* Arimo-Regular.ttf */ = {isa = PBXFileReference; name = "Arimo-Regular.ttf"; path = "../SRC/Arimo-Regular.ttf"; sourceTree = "<group>"; fileEncoding = undefined; lastKnownFileType = unknown; explicitFileType = undefined; includeInIndex = 0; };
		301A7AA6150D49F3AD98F48A /* Arimo-SemiBold.ttf */ = {isa = PBXFileReference; name = "Arimo-SemiBold.ttf"; path = "../SRC/Arimo-SemiBold.ttf"; sourceTree = "<group>"; fileEncoding = undefined; lastKnownFileType = unknown; explicitFileType = undefined; includeInIndex = 0; };
		152DEA5358C44BD89E74C19C /* Arimo-SemiBoldItalic.ttf */ = {isa = PBXFileReference; name = "Arimo-SemiBoldItalic.ttf"; path = "../SRC/Arimo-SemiBoldItalic.ttf"; sourceTree = "<group>"; fileEncoding = undefined; lastKnownFileType = unknown; explicitFileType = undefined; includeInIndex = 0; };
		808106BC8502453D91167274 /* Arimo-VariableFont_wght.ttf */ = {isa = PBXFileReference; name = "Arimo-VariableFont_wght.ttf"; path = "../SRC/Arimo-VariableFont_wght.ttf"; sourceTree = "<group>"; fileEncoding = undefined; lastKnownFileType = unknown; explicitFileType = undefined; includeInIndex = 0; };
/* End PBXFileReference section */

/* Begin PBXFrameworksBuildPhase section */
		13B07F8C1A680F5B00A75B9A /* Frameworks */ = {
			isa = PBXFrameworksBuildPhase;
			buildActionMask = 2147483647;
			files = (
				96905EF65AED1B983A6B3ABC /* libPods-usuarios.a in Frameworks */,
			);
			runOnlyForDeploymentPostprocessing = 0;
		};
/* End PBXFrameworksBuildPhase section */

/* Begin PBXGroup section */
		13B07FAE1A68108700A75B9A /* usuarios */ = {
			isa = PBXGroup;
			children = (
				BB2F792B24A3F905000567C9 /* Supporting */,
				008F07F21AC5B25A0029DE68 /* main.jsbundle */,
				13B07FAF1A68108700A75B9A /* AppDelegate.h */,
				13B07FB01A68108700A75B9A /* AppDelegate.m */,
				13B07FB51A68108700A75B9A /* Images.xcassets */,
				13B07FB61A68108700A75B9A /* Info.plist */,
				13B07FB11A68108700A75B9A /* LaunchScreen.xib */,
				13B07FB71A68108700A75B9A /* main.m */,
				AA286B85B6C04FC6940260E9 /* SplashScreen.storyboard */,
				BB53DB6F264F344F00E0CDBC /* noop-file.swift */,
			);
			name = usuarios;
			sourceTree = "<group>";
		};
		2D16E6871FA4F8E400B85C8A /* Frameworks */ = {
			isa = PBXGroup;
			children = (
				ED297162215061F000B7C4FE /* JavaScriptCore.framework */,
				ED2971642150620600B7C4FE /* JavaScriptCore.framework */,
				58EEBF8E8E6FB1BC6CAF49B5 /* libPods-usuarios.a */,
			);
			name = Frameworks;
			sourceTree = "<group>";
		};
		832341AE1AAA6A7D00B99B32 /* Libraries */ = {
			isa = PBXGroup;
			children = (
			);
			name = Libraries;
			sourceTree = "<group>";
		};
		83CBB9F61A601CBA00E9B192 = {
			isa = PBXGroup;
			children = (
				13B07FAE1A68108700A75B9A /* usuarios */,
				832341AE1AAA6A7D00B99B32 /* Libraries */,
				83CBBA001A601CBA00E9B192 /* Products */,
				2D16E6871FA4F8E400B85C8A /* Frameworks */,
				D65327D7A22EEC0BE12398D9 /* Pods */,
				AAECAAAD62CC4B7883002A0D /* Resources */,
			);
			indentWidth = 2;
			sourceTree = "<group>";
			tabWidth = 2;
			usesTabs = 0;
		};
		83CBBA001A601CBA00E9B192 /* Products */ = {
			isa = PBXGroup;
			children = (
				13B07F961A680F5B00A75B9A /* usuarios.app */,
			);
			name = Products;
			sourceTree = "<group>";
		};
		BB2F792B24A3F905000567C9 /* Supporting */ = {
			isa = PBXGroup;
			children = (
				BB2F792C24A3F905000567C9 /* Expo.plist */,
			);
			name = Supporting;
			path = usuarios/Supporting;
			sourceTree = "<group>";
		};
		D65327D7A22EEC0BE12398D9 /* Pods */ = {
			isa = PBXGroup;
			children = (
				6C2E3173556A471DD304B334 /* Pods-usuarios.debug.xcconfig */,
				7A4D352CD337FB3A3BF06240 /* Pods-usuarios.release.xcconfig */,
			);
			path = Pods;
			sourceTree = "<group>";
		};
		AAECAAAD62CC4B7883002A0D /* Resources */ = {
			isa = "PBXGroup";
			children = (
				49E808AD1EA142D58421DF77 /* Timeburner-xJB8.ttf */,
				79AD5977F2584FCA97D5E6F1 /* TimeburnerBold-peGR.ttf */,
				3F29DBC0715445CBB44FF178 /* ArialNova-Bold.ttf */,
				C89604F0CDFB43F6A044CC19 /* ArialNova-BoldItalic.ttf */,
				0BA8080813DA4C10B26576C4 /* ArialNova-Italic.ttf */,
				45A848FB606F44889ACB566F /* ArialNova-Light.ttf */,
				91E2FCA607FC4E8AAF738600 /* ArialNova-LightItalic.ttf */,
				0300B895614142C4AC706CFB /* ArialNova.ttf */,
				7BA54C17CE654798B12AB924 /* ArialNovaCond-Bold.ttf */,
				636350B55B144BD58E936E36 /* ArialNovaCond-BoldItalic.ttf */,
				4EC5370FFB0E463688E92C31 /* ArialNovaCond-Italic.ttf */,
				6C80396A9E174021A7AF4F37 /* ArialNovaCond-Light.ttf */,
				359D6CC7456347FC95E5FD34 /* ArialNovaCond-LightItalic.ttf */,
				5230C73CF7E0422186ECBE02 /* ArialNovaCond.ttf */,
				C94FDCF0BF1F4B849833BC8A /* Arimo-Bold.ttf */,
				D03D02E8F05C43C0991AFC74 /* Arimo-BoldItalic.ttf */,
				DEAE9A9DA09A4B1AA8EF9932 /* Arimo-Italic-VariableFont_wght.ttf */,
				F076C29FF69E469698983345 /* Arimo-Italic.ttf */,
				4212E149E2674423BA43744A /* Arimo-Medium.ttf */,
				0EC417EC324E4CCAA5852AF2 /* Arimo-MediumItalic.ttf */,
				3BB98916AB94409F967000B8 /* Arimo-Regular.ttf */,
				301A7AA6150D49F3AD98F48A /* Arimo-SemiBold.ttf */,
				152DEA5358C44BD89E74C19C /* Arimo-SemiBoldItalic.ttf */,
				808106BC8502453D91167274 /* Arimo-VariableFont_wght.ttf */,
			);
			name = Resources;
			sourceTree = "<group>";
			path = "";
		};
/* End PBXGroup section */

/* Begin PBXNativeTarget section */
		13B07F861A680F5B00A75B9A /* usuarios */ = {
			isa = PBXNativeTarget;
			buildConfigurationList = 13B07F931A680F5B00A75B9A /* Build configuration list for PBXNativeTarget "usuarios" */;
			buildPhases = (
				08A4A3CD28434E44B6B9DE2E /* [CP] Check Pods Manifest.lock */,
				FD10A7F022414F080027D42C /* Start Packager */,
				13B07F871A680F5B00A75B9A /* Sources */,
				13B07F8C1A680F5B00A75B9A /* Frameworks */,
				13B07F8E1A680F5B00A75B9A /* Resources */,
				00DD1BFF1BD5951E006B06BC /* Bundle React Native code and images */,
				800E24972A6A228C8D4807E9 /* [CP] Copy Pods Resources */,
			);
			buildRules = (
			);
			dependencies = (
			);
			name = usuarios;
			productName = usuarios;
			productReference = 13B07F961A680F5B00A75B9A /* usuarios.app */;
			productType = "com.apple.product-type.application";
		};
/* End PBXNativeTarget section */

/* Begin PBXProject section */
		83CBB9F71A601CBA00E9B192 /* Project object */ = {
			isa = PBXProject;
			attributes = {
				LastUpgradeCheck = 1130;
				TargetAttributes = {
					13B07F861A680F5B00A75B9A = {
						LastSwiftMigration = 1250;
					};
				};
			};
			buildConfigurationList = 83CBB9FA1A601CBA00E9B192 /* Build configuration list for PBXProject "usuarios" */;
			compatibilityVersion = "Xcode 3.2";
			developmentRegion = en;
			hasScannedForEncodings = 0;
			knownRegions = (
				en,
				Base,
			);
			mainGroup = 83CBB9F61A601CBA00E9B192;
			productRefGroup = 83CBBA001A601CBA00E9B192 /* Products */;
			projectDirPath = "";
			projectRoot = "";
			targets = (
				13B07F861A680F5B00A75B9A /* usuarios */,
			);
		};
/* End PBXProject section */

/* Begin PBXResourcesBuildPhase section */
		13B07F8E1A680F5B00A75B9A /* Resources */ = {
			isa = PBXResourcesBuildPhase;
			buildActionMask = 2147483647;
			files = (
				BB2F792D24A3F905000567C9 /* Expo.plist in Resources */,
				13B07FBF1A68108700A75B9A /* Images.xcassets in Resources */,
				13B07FBD1A68108700A75B9A /* LaunchScreen.xib in Resources */,
				3E461D99554A48A4959DE609 /* SplashScreen.storyboard in Resources */,
				9D5DEA1B6D82491B82BE5E32 /* Timeburner-xJB8.ttf in Resources */,
				D0A4360B7B864ADDAEBAB856 /* TimeburnerBold-peGR.ttf in Resources */,
				8A0DBBD4F2AB456A95A5A1EE /* ArialNova-Bold.ttf in Resources */,
				A3CC06BB7F614D34A6C2DE35 /* ArialNova-BoldItalic.ttf in Resources */,
				04437F2D03604EEFBE1C5B98 /* ArialNova-Italic.ttf in Resources */,
				917E2BEA801948B4A717CD0E /* ArialNova-Light.ttf in Resources */,
				AF189D2F2C944DB79C9BFC7D /* ArialNova-LightItalic.ttf in Resources */,
				21019FD1F57E4FB79F12F3B8 /* ArialNova.ttf in Resources */,
				AB51A7C1F19B4DE6836F9D14 /* ArialNovaCond-Bold.ttf in Resources */,
				3B497E23E333405283F75CBE /* ArialNovaCond-BoldItalic.ttf in Resources */,
				45B9E4B87C4E4B9B807DB0D6 /* ArialNovaCond-Italic.ttf in Resources */,
				BB3C8F1761E6471AA7A4FCEB /* ArialNovaCond-Light.ttf in Resources */,
				40D0CBB6C6ED48689750EFD9 /* ArialNovaCond-LightItalic.ttf in Resources */,
				DE595EA385874F209296F011 /* ArialNovaCond.ttf in Resources */,
				47F07B1E3939419996E7A23E /* Arimo-Bold.ttf in Resources */,
				483CC978D6684E6C8DB94ACE /* Arimo-BoldItalic.ttf in Resources */,
				5E56AF495FE14713A2E80A8B /* Arimo-Italic-VariableFont_wght.ttf in Resources */,
				23B171CF7D67431EBDB382E7 /* Arimo-Italic.ttf in Resources */,
				D911E4E4EAB44DFCB32D1E28 /* Arimo-Medium.ttf in Resources */,
				890462423FD74D4CBCAA329D /* Arimo-MediumItalic.ttf in Resources */,
				2533F93611D843BC8ACD2B05 /* Arimo-Regular.ttf in Resources */,
				1BBFA50C4A10451D8E8D9247 /* Arimo-SemiBold.ttf in Resources */,
				245729441A8448508F3B1EFF /* Arimo-SemiBoldItalic.ttf in Resources */,
				E1BD9E2070F94642A3276D60 /* Arimo-VariableFont_wght.ttf in Resources */,
			);
			runOnlyForDeploymentPostprocessing = 0;
		};
/* End PBXResourcesBuildPhase section */

/* Begin PBXShellScriptBuildPhase section */
		00DD1BFF1BD5951E006B06BC /* Bundle React Native code and images */ = {
			isa = PBXShellScriptBuildPhase;
			buildActionMask = 2147483647;
			files = (
			);
			inputPaths = (
			);
			name = "Bundle React Native code and images";
			outputPaths = (
			);
			runOnlyForDeploymentPostprocessing = 0;
			shellPath = /bin/sh;
			shellScript = "export NODE_BINARY=node\n../node_modules/react-native/scripts/react-native-xcode.sh\n../node_modules/expo-constants/scripts/get-app-config-ios.sh\n../node_modules/expo-updates/scripts/create-manifest-ios.sh\n";
		};
		08A4A3CD28434E44B6B9DE2E /* [CP] Check Pods Manifest.lock */ = {
			isa = PBXShellScriptBuildPhase;
			buildActionMask = 2147483647;
			files = (
			);
			inputFileListPaths = (
			);
			inputPaths = (
				"${PODS_PODFILE_DIR_PATH}/Podfile.lock",
				"${PODS_ROOT}/Manifest.lock",
			);
			name = "[CP] Check Pods Manifest.lock";
			outputFileListPaths = (
			);
			outputPaths = (
				"$(DERIVED_FILE_DIR)/Pods-usuarios-checkManifestLockResult.txt",
			);
			runOnlyForDeploymentPostprocessing = 0;
			shellPath = /bin/sh;
			shellScript = "diff \"${PODS_PODFILE_DIR_PATH}/Podfile.lock\" \"${PODS_ROOT}/Manifest.lock\" > /dev/null\nif [ $? != 0 ] ; then\n    # print error to STDERR\n    echo \"error: The sandbox is not in sync with the Podfile.lock. Run 'pod install' or update your CocoaPods installation.\" >&2\n    exit 1\nfi\n# This output is used by Xcode 'outputs' to avoid re-running this script phase.\necho \"SUCCESS\" > \"${SCRIPT_OUTPUT_FILE_0}\"\n";
			showEnvVarsInLog = 0;
		};
		800E24972A6A228C8D4807E9 /* [CP] Copy Pods Resources */ = {
			isa = PBXShellScriptBuildPhase;
			buildActionMask = 2147483647;
			files = (
			);
			inputPaths = (
				"${PODS_ROOT}/Target Support Files/Pods-usuarios/Pods-usuarios-resources.sh",
				"${PODS_CONFIGURATION_BUILD_DIR}/React-Core/AccessibilityResources.bundle",
			);
			name = "[CP] Copy Pods Resources";
			outputPaths = (
				"${TARGET_BUILD_DIR}/${UNLOCALIZED_RESOURCES_FOLDER_PATH}/AccessibilityResources.bundle",
			);
			runOnlyForDeploymentPostprocessing = 0;
			shellPath = /bin/sh;
			shellScript = "\"${PODS_ROOT}/Target Support Files/Pods-usuarios/Pods-usuarios-resources.sh\"\n";
			showEnvVarsInLog = 0;
		};
		FD10A7F022414F080027D42C /* Start Packager */ = {
			isa = PBXShellScriptBuildPhase;
			buildActionMask = 2147483647;
			files = (
			);
			inputFileListPaths = (
			);
			inputPaths = (
			);
			name = "Start Packager";
			outputFileListPaths = (
			);
			outputPaths = (
			);
			runOnlyForDeploymentPostprocessing = 0;
			shellPath = /bin/sh;
			shellScript = "export RCT_METRO_PORT=\"${RCT_METRO_PORT:=8081}\"\necho \"export RCT_METRO_PORT=${RCT_METRO_PORT}\" > \"${SRCROOT}/../node_modules/react-native/scripts/.packager.env\"\nif [ -z \"${RCT_NO_LAUNCH_PACKAGER+xxx}\" ] ; then\n  if nc -w 5 -z localhost ${RCT_METRO_PORT} ; then\n    if ! curl -s \"http://localhost:${RCT_METRO_PORT}/status\" | grep -q \"packager-status:running\" ; then\n      echo \"Port ${RCT_METRO_PORT} already in use, packager is either not running or not running correctly\"\n      exit 2\n    fi\n  else\n    open \"$SRCROOT/../node_modules/react-native/scripts/launchPackager.command\" || echo \"Can't start packager automatically\"\n  fi\nfi\n";
			showEnvVarsInLog = 0;
		};
/* End PBXShellScriptBuildPhase section */

/* Begin PBXSourcesBuildPhase section */
		13B07F871A680F5B00A75B9A /* Sources */ = {
			isa = PBXSourcesBuildPhase;
			buildActionMask = 2147483647;
			files = (
				BB53DB70264F344F00E0CDBC /* noop-file.swift in Sources */,
				13B07FBC1A68108700A75B9A /* AppDelegate.m in Sources */,
				13B07FC11A68108700A75B9A /* main.m in Sources */,
			);
			runOnlyForDeploymentPostprocessing = 0;
		};
/* End PBXSourcesBuildPhase section */

/* Begin PBXVariantGroup section */
		13B07FB11A68108700A75B9A /* LaunchScreen.xib */ = {
			isa = PBXVariantGroup;
			children = (
				13B07FB21A68108700A75B9A /* Base */,
			);
			name = LaunchScreen.xib;
			path = usuarios;
			sourceTree = "<group>";
		};
/* End PBXVariantGroup section */

/* Begin XCBuildConfiguration section */
		13B07F941A680F5B00A75B9A /* Debug */ = {
			isa = XCBuildConfiguration;
			baseConfigurationReference = 6C2E3173556A471DD304B334 /* Pods-usuarios.debug.xcconfig */;
			buildSettings = {
				ASSETCATALOG_COMPILER_APPICON_NAME = AppIcon;
				CLANG_ENABLE_MODULES = YES;
				CURRENT_PROJECT_VERSION = 1;
				ENABLE_BITCODE = NO;
				GCC_PREPROCESSOR_DEFINITIONS = (
					"$(inherited)",
					"FB_SONARKIT_ENABLED=1",
				);
				INFOPLIST_FILE = usuarios/Info.plist;
				IPHONEOS_DEPLOYMENT_TARGET = 11.0;
				LD_RUNPATH_SEARCH_PATHS = "$(inherited) @executable_path/Frameworks";
				OTHER_LDFLAGS = (
					"$(inherited)",
					"-ObjC",
					"-lc++",
				);
				PRODUCT_BUNDLE_IDENTIFIER = org.name.usuarios;
				PRODUCT_NAME = usuarios;
				SWIFT_OPTIMIZATION_LEVEL = "-Onone";
				SWIFT_VERSION = 5.0;
				VERSIONING_SYSTEM = "apple-generic";
			};
			name = Debug;
		};
		13B07F951A680F5B00A75B9A /* Release */ = {
			isa = XCBuildConfiguration;
			baseConfigurationReference = 7A4D352CD337FB3A3BF06240 /* Pods-usuarios.release.xcconfig */;
			buildSettings = {
				ASSETCATALOG_COMPILER_APPICON_NAME = AppIcon;
				CLANG_ENABLE_MODULES = YES;
				CURRENT_PROJECT_VERSION = 1;
				INFOPLIST_FILE = usuarios/Info.plist;
				IPHONEOS_DEPLOYMENT_TARGET = 11.0;
				LD_RUNPATH_SEARCH_PATHS = "$(inherited) @executable_path/Frameworks";
				OTHER_LDFLAGS = (
					"$(inherited)",
					"-ObjC",
					"-lc++",
				);
				PRODUCT_BUNDLE_IDENTIFIER = org.name.usuarios;
				PRODUCT_NAME = usuarios;
				SWIFT_VERSION = 5.0;
				VERSIONING_SYSTEM = "apple-generic";
			};
			name = Release;
		};
		83CBBA201A601CBA00E9B192 /* Debug */ = {
			isa = XCBuildConfiguration;
			buildSettings = {
				ALWAYS_EMBED_SWIFT_STANDARD_LIBRARIES = NO;
				ALWAYS_SEARCH_USER_PATHS = NO;
				CLANG_ANALYZER_LOCALIZABILITY_NONLOCALIZED = YES;
				CLANG_CXX_LANGUAGE_STANDARD = "gnu++0x";
				CLANG_CXX_LIBRARY = "libc++";
				CLANG_ENABLE_MODULES = YES;
				CLANG_ENABLE_OBJC_ARC = YES;
				CLANG_WARN_BLOCK_CAPTURE_AUTORELEASING = YES;
				CLANG_WARN_BOOL_CONVERSION = YES;
				CLANG_WARN_COMMA = YES;
				CLANG_WARN_CONSTANT_CONVERSION = YES;
				CLANG_WARN_DEPRECATED_OBJC_IMPLEMENTATIONS = YES;
				CLANG_WARN_DIRECT_OBJC_ISA_USAGE = YES_ERROR;
				CLANG_WARN_EMPTY_BODY = YES;
				CLANG_WARN_ENUM_CONVERSION = YES;
				CLANG_WARN_INFINITE_RECURSION = YES;
				CLANG_WARN_INT_CONVERSION = YES;
				CLANG_WARN_NON_LITERAL_NULL_CONVERSION = YES;
				CLANG_WARN_OBJC_IMPLICIT_RETAIN_SELF = YES;
				CLANG_WARN_OBJC_LITERAL_CONVERSION = YES;
				CLANG_WARN_OBJC_ROOT_CLASS = YES_ERROR;
				CLANG_WARN_RANGE_LOOP_ANALYSIS = YES;
				CLANG_WARN_STRICT_PROTOTYPES = YES;
				CLANG_WARN_SUSPICIOUS_MOVE = YES;
				CLANG_WARN_UNREACHABLE_CODE = YES;
				CLANG_WARN__DUPLICATE_METHOD_MATCH = YES;
				"CODE_SIGN_IDENTITY[sdk=iphoneos*]" = "iPhone Developer";
				COPY_PHASE_STRIP = NO;
				ENABLE_STRICT_OBJC_MSGSEND = YES;
				ENABLE_TESTABILITY = YES;
				GCC_C_LANGUAGE_STANDARD = gnu99;
				GCC_DYNAMIC_NO_PIC = NO;
				GCC_NO_COMMON_BLOCKS = YES;
				GCC_OPTIMIZATION_LEVEL = 0;
				GCC_PREPROCESSOR_DEFINITIONS = (
					"DEBUG=1",
					"$(inherited)",
				);
				GCC_SYMBOLS_PRIVATE_EXTERN = NO;
				GCC_WARN_64_TO_32_BIT_CONVERSION = YES;
				GCC_WARN_ABOUT_RETURN_TYPE = YES_ERROR;
				GCC_WARN_UNDECLARED_SELECTOR = YES;
				GCC_WARN_UNINITIALIZED_AUTOS = YES_AGGRESSIVE;
				GCC_WARN_UNUSED_FUNCTION = YES;
				GCC_WARN_UNUSED_VARIABLE = YES;
				IPHONEOS_DEPLOYMENT_TARGET = 11.0;
				LD_RUNPATH_SEARCH_PATHS = "/usr/lib/swift $(inherited)";
				LIBRARY_SEARCH_PATHS = "\"$(inherited)\"";
				MTL_ENABLE_DEBUG_INFO = YES;
				ONLY_ACTIVE_ARCH = YES;
				SDKROOT = iphoneos;
			};
			name = Debug;
		};
		83CBBA211A601CBA00E9B192 /* Release */ = {
			isa = XCBuildConfiguration;
			buildSettings = {
				ALWAYS_EMBED_SWIFT_STANDARD_LIBRARIES = NO;
				ALWAYS_SEARCH_USER_PATHS = NO;
				CLANG_ANALYZER_LOCALIZABILITY_NONLOCALIZED = YES;
				CLANG_CXX_LANGUAGE_STANDARD = "gnu++0x";
				CLANG_CXX_LIBRARY = "libc++";
				CLANG_ENABLE_MODULES = YES;
				CLANG_ENABLE_OBJC_ARC = YES;
				CLANG_WARN_BLOCK_CAPTURE_AUTORELEASING = YES;
				CLANG_WARN_BOOL_CONVERSION = YES;
				CLANG_WARN_COMMA = YES;
				CLANG_WARN_CONSTANT_CONVERSION = YES;
				CLANG_WARN_DEPRECATED_OBJC_IMPLEMENTATIONS = YES;
				CLANG_WARN_DIRECT_OBJC_ISA_USAGE = YES_ERROR;
				CLANG_WARN_EMPTY_BODY = YES;
				CLANG_WARN_ENUM_CONVERSION = YES;
				CLANG_WARN_INFINITE_RECURSION = YES;
				CLANG_WARN_INT_CONVERSION = YES;
				CLANG_WARN_NON_LITERAL_NULL_CONVERSION = YES;
				CLANG_WARN_OBJC_IMPLICIT_RETAIN_SELF = YES;
				CLANG_WARN_OBJC_LITERAL_CONVERSION = YES;
				CLANG_WARN_OBJC_ROOT_CLASS = YES_ERROR;
				CLANG_WARN_RANGE_LOOP_ANALYSIS = YES;
				CLANG_WARN_STRICT_PROTOTYPES = YES;
				CLANG_WARN_SUSPICIOUS_MOVE = YES;
				CLANG_WARN_UNREACHABLE_CODE = YES;
				CLANG_WARN__DUPLICATE_METHOD_MATCH = YES;
				"CODE_SIGN_IDENTITY[sdk=iphoneos*]" = "iPhone Developer";
				COPY_PHASE_STRIP = YES;
				ENABLE_NS_ASSERTIONS = NO;
				ENABLE_STRICT_OBJC_MSGSEND = YES;
				GCC_C_LANGUAGE_STANDARD = gnu99;
				GCC_NO_COMMON_BLOCKS = YES;
				GCC_WARN_64_TO_32_BIT_CONVERSION = YES;
				GCC_WARN_ABOUT_RETURN_TYPE = YES_ERROR;
				GCC_WARN_UNDECLARED_SELECTOR = YES;
				GCC_WARN_UNINITIALIZED_AUTOS = YES_AGGRESSIVE;
				GCC_WARN_UNUSED_FUNCTION = YES;
				GCC_WARN_UNUSED_VARIABLE = YES;
				IPHONEOS_DEPLOYMENT_TARGET = 11.0;
				LD_RUNPATH_SEARCH_PATHS = "/usr/lib/swift $(inherited)";
				LIBRARY_SEARCH_PATHS = "\"$(inherited)\"";
				MTL_ENABLE_DEBUG_INFO = NO;
				SDKROOT = iphoneos;
				VALIDATE_PRODUCT = YES;
			};
			name = Release;
		};
/* End XCBuildConfiguration section */

/* Begin XCConfigurationList section */
		13B07F931A680F5B00A75B9A /* Build configuration list for PBXNativeTarget "usuarios" */ = {
			isa = XCConfigurationList;
			buildConfigurations = (
				13B07F941A680F5B00A75B9A /* Debug */,
				13B07F951A680F5B00A75B9A /* Release */,
			);
			defaultConfigurationIsVisible = 0;
			defaultConfigurationName = Release;
		};
		83CBB9FA1A601CBA00E9B192 /* Build configuration list for PBXProject "usuarios" */ = {
			isa = XCConfigurationList;
			buildConfigurations = (
				83CBBA201A601CBA00E9B192 /* Debug */,
				83CBBA211A601CBA00E9B192 /* Release */,
			);
			defaultConfigurationIsVisible = 0;
			defaultConfigurationName = Release;
		};
/* End XCConfigurationList section */
	};
	rootObject = 83CBB9F71A601CBA00E9B192 /* Project object */;
}
